// !$*UTF8*$!
{
	archiveVersion = 1;
	classes = {
	};
	objectVersion = 50;
	objects = {

/* Begin PBXBuildFile section */
		6A8F2882216C06720045C427 /* AppDelegate.swift in Sources */ = {isa = PBXBuildFile; fileRef = 6A8F2881216C06720045C427 /* AppDelegate.swift */; };
		6A8F2884216C06720045C427 /* CategoryVC.swift in Sources */ = {isa = PBXBuildFile; fileRef = 6A8F2883216C06720045C427 /* CategoryVC.swift */; };
		6A8F2887216C06720045C427 /* Main.storyboard in Resources */ = {isa = PBXBuildFile; fileRef = 6A8F2885216C06720045C427 /* Main.storyboard */; };
		6A8F2889216C06730045C427 /* Assets.xcassets in Resources */ = {isa = PBXBuildFile; fileRef = 6A8F2888216C06730045C427 /* Assets.xcassets */; };
		6A8F288C216C06730045C427 /* LaunchScreen.storyboard in Resources */ = {isa = PBXBuildFile; fileRef = 6A8F288A216C06730045C427 /* LaunchScreen.storyboard */; };
		6A8F2897216C08DA0045C427 /* CategoryCell.swift in Sources */ = {isa = PBXBuildFile; fileRef = 6A8F2896216C08DA0045C427 /* CategoryCell.swift */; };
		6A8F2899216C09E00045C427 /* Category.swift in Sources */ = {isa = PBXBuildFile; fileRef = 6A8F2898216C09E00045C427 /* Category.swift */; };
		6A8F289B216C0B3F0045C427 /* DataService.swift in Sources */ = {isa = PBXBuildFile; fileRef = 6A8F289A216C0B3F0045C427 /* DataService.swift */; };
		6A8F28A1216C14210045C427 /* ProductCell.swift in Sources */ = {isa = PBXBuildFile; fileRef = 6A8F28A0216C14210045C427 /* ProductCell.swift */; };
		6A8F28A3216C14FA0045C427 /* Product.swift in Sources */ = {isa = PBXBuildFile; fileRef = 6A8F28A2216C14FA0045C427 /* Product.swift */; };
		6A8F28A5216C1C4C0045C427 /* ProductVC.swift in Sources */ = {isa = PBXBuildFile; fileRef = 6A8F28A4216C1C4C0045C427 /* ProductVC.swift */; };
		6A93767E216D2BE700973950 /* ViewController.swift in Sources */ = {isa = PBXBuildFile; fileRef = 6A93767D216D2BE700973950 /* ViewController.swift */; };
/* End PBXBuildFile section */

/* Begin PBXFileReference section */
		6A8F287E216C06720045C427 /* myMarcket.app */ = {isa = PBXFileReference; explicitFileType = wrapper.application; includeInIndex = 0; path = myMarcket.app; sourceTree = BUILT_PRODUCTS_DIR; };
		6A8F2881216C06720045C427 /* AppDelegate.swift */ = {isa = PBXFileReference; lastKnownFileType = sourcecode.swift; path = AppDelegate.swift; sourceTree = "<group>"; };
		6A8F2883216C06720045C427 /* CategoryVC.swift */ = {isa = PBXFileReference; lastKnownFileType = sourcecode.swift; path = CategoryVC.swift; sourceTree = "<group>"; };
		6A8F2886216C06720045C427 /* Base */ = {isa = PBXFileReference; lastKnownFileType = file.storyboard; name = Base; path = Base.lproj/Main.storyboard; sourceTree = "<group>"; };
		6A8F2888216C06730045C427 /* Assets.xcassets */ = {isa = PBXFileReference; lastKnownFileType = folder.assetcatalog; path = Assets.xcassets; sourceTree = "<group>"; };
		6A8F288B216C06730045C427 /* Base */ = {isa = PBXFileReference; lastKnownFileType = file.storyboard; name = Base; path = Base.lproj/LaunchScreen.storyboard; sourceTree = "<group>"; };
		6A8F288D216C06730045C427 /* Info.plist */ = {isa = PBXFileReference; lastKnownFileType = text.plist.xml; path = Info.plist; sourceTree = "<group>"; };
		6A8F2896216C08DA0045C427 /* CategoryCell.swift */ = {isa = PBXFileReference; lastKnownFileType = sourcecode.swift; path = CategoryCell.swift; sourceTree = "<group>"; };
		6A8F2898216C09E00045C427 /* Category.swift */ = {isa = PBXFileReference; lastKnownFileType = sourcecode.swift; path = Category.swift; sourceTree = "<group>"; };
		6A8F289A216C0B3F0045C427 /* DataService.swift */ = {isa = PBXFileReference; lastKnownFileType = sourcecode.swift; path = DataService.swift; sourceTree = "<group>"; };
		6A8F28A0216C14210045C427 /* ProductCell.swift */ = {isa = PBXFileReference; lastKnownFileType = sourcecode.swift; path = ProductCell.swift; sourceTree = "<group>"; };
		6A8F28A2216C14FA0045C427 /* Product.swift */ = {isa = PBXFileReference; lastKnownFileType = sourcecode.swift; path = Product.swift; sourceTree = "<group>"; };
		6A8F28A4216C1C4C0045C427 /* ProductVC.swift */ = {isa = PBXFileReference; lastKnownFileType = sourcecode.swift; path = ProductVC.swift; sourceTree = "<group>"; };
		6A93767D216D2BE700973950 /* ViewController.swift */ = {isa = PBXFileReference; lastKnownFileType = sourcecode.swift; path = ViewController.swift; sourceTree = "<group>"; };
/* End PBXFileReference section */

/* Begin PBXFrameworksBuildPhase section */
		6A8F287B216C06720045C427 /* Frameworks */ = {
			isa = PBXFrameworksBuildPhase;
			buildActionMask = 2147483647;
			files = (
			);
			runOnlyForDeploymentPostprocessing = 0;
		};
/* End PBXFrameworksBuildPhase section */

/* Begin PBXGroup section */
		6A8F2875216C06720045C427 = {
			isa = PBXGroup;
			children = (
				6A8F2880216C06720045C427 /* myMarcket */,
				6A8F287F216C06720045C427 /* Products */,
			);
			sourceTree = "<group>";
		};
		6A8F287F216C06720045C427 /* Products */ = {
			isa = PBXGroup;
			children = (
				6A8F287E216C06720045C427 /* myMarcket.app */,
			);
			name = Products;
			sourceTree = "<group>";
		};
		6A8F2880216C06720045C427 /* myMarcket */ = {
			isa = PBXGroup;
			children = (
				6A8F2895216C08AC0045C427 /* Views */,
				6A8F2894216C089F0045C427 /* Model */,
				6A8F2893216C08960045C427 /* Controller */,
				6A8F2883216C06720045C427 /* CategoryVC.swift */,
				6A8F28A4216C1C4C0045C427 /* ProductVC.swift */,
				6A93767D216D2BE700973950 /* ViewController.swift */,
				6A8F2885216C06720045C427 /* Main.storyboard */,
				6A8F289A216C0B3F0045C427 /* DataService.swift */,
				6A8F2881216C06720045C427 /* AppDelegate.swift */,
				6A8F2888216C06730045C427 /* Assets.xcassets */,
				6A8F288A216C06730045C427 /* LaunchScreen.storyboard */,
				6A8F288D216C06730045C427 /* Info.plist */,
			);
			path = myMarcket;
			sourceTree = "<group>";
		};
		6A8F2893216C08960045C427 /* Controller */ = {
			isa = PBXGroup;
			children = (
			);
			path = Controller;
			sourceTree = "<group>";
		};
		6A8F2894216C089F0045C427 /* Model */ = {
			isa = PBXGroup;
			children = (
				6A8F2898216C09E00045C427 /* Category.swift */,
				6A8F28A2216C14FA0045C427 /* Product.swift */,
			);
			path = Model;
			sourceTree = "<group>";
		};
		6A8F2895216C08AC0045C427 /* Views */ = {
			isa = PBXGroup;
			children = (
				6A8F2896216C08DA0045C427 /* CategoryCell.swift */,
				6A8F28A0216C14210045C427 /* ProductCell.swift */,
			);
			path = Views;
			sourceTree = "<group>";
		};
/* End PBXGroup section */

/* Begin PBXNativeTarget section */
		6A8F287D216C06720045C427 /* myMarcket */ = {
			isa = PBXNativeTarget;
			buildConfigurationList = 6A8F2890216C06730045C427 /* Build configuration list for PBXNativeTarget "myMarcket" */;
			buildPhases = (
				6A8F287A216C06720045C427 /* Sources */,
				6A8F287B216C06720045C427 /* Frameworks */,
				6A8F287C216C06720045C427 /* Resources */,
			);
			buildRules = (
			);
			dependencies = (
			);
			name = myMarcket;
			productName = myMarcket;
			productReference = 6A8F287E216C06720045C427 /* myMarcket.app */;
			productType = "com.apple.product-type.application";
		};
/* End PBXNativeTarget section */

/* Begin PBXProject section */
		6A8F2876216C06720045C427 /* Project object */ = {
			isa = PBXProject;
			attributes = {
				LastSwiftUpdateCheck = 1000;
				LastUpgradeCheck = 1000;
				ORGANIZATIONNAME = Adamyan;
				TargetAttributes = {
					6A8F287D216C06720045C427 = {
						CreatedOnToolsVersion = 10.0;
					};
				};
			};
			buildConfigurationList = 6A8F2879216C06720045C427 /* Build configuration list for PBXProject "myMarcket" */;
			compatibilityVersion = "Xcode 9.3";
			developmentRegion = en;
			hasScannedForEncodings = 0;
			knownRegions = (
				en,
				Base,
			);
			mainGroup = 6A8F2875216C06720045C427;
			productRefGroup = 6A8F287F216C06720045C427 /* Products */;
			projectDirPath = "";
			projectRoot = "";
			targets = (
				6A8F287D216C06720045C427 /* myMarcket */,
			);
		};
/* End PBXProject section */

/* Begin PBXResourcesBuildPhase section */
		6A8F287C216C06720045C427 /* Resources */ = {
			isa = PBXResourcesBuildPhase;
			buildActionMask = 2147483647;
			files = (
				6A8F288C216C06730045C427 /* LaunchScreen.storyboard in Resources */,
				6A8F2889216C06730045C427 /* Assets.xcassets in Resources */,
				6A8F2887216C06720045C427 /* Main.storyboard in Resources */,
			);
			runOnlyForDeploymentPostprocessing = 0;
		};
/* End PBXResourcesBuildPhase section */

/* Begin PBXSourcesBuildPhase section */
		6A8F287A216C06720045C427 /* Sources */ = {
			isa = PBXSourcesBuildPhase;
			buildActionMask = 2147483647;
			files = (
				6A8F2884216C06720045C427 /* CategoryVC.swift in Sources */,
				6A8F2882216C06720045C427 /* AppDelegate.swift in Sources */,
				6A8F2897216C08DA0045C427 /* CategoryCell.swift in Sources */,
				6A93767E216D2BE700973950 /* ViewController.swift in Sources */,
				6A8F28A1216C14210045C427 /* ProductCell.swift in Sources */,
				6A8F28A5216C1C4C0045C427 /* ProductVC.swift in Sources */,
				6A8F2899216C09E00045C427 /* Category.swift in Sources */,
				6A8F289B216C0B3F0045C427 /* DataService.swift in Sources */,
				6A8F28A3216C14FA0045C427 /* Product.swift in Sources */,
			);
			runOnlyForDeploymentPostprocessing = 0;
		};
/* End PBXSourcesBuildPhase section */

/* Begin PBXVariantGroup section */
		6A8F2885216C06720045C427 /* Main.storyboard */ = {
			isa = PBXVariantGroup;
			children = (
				6A8F2886216C06720045C427 /* Base */,
			);
			name = Main.storyboard;
			sourceTree = "<group>";
		};
		6A8F288A216C06730045C427 /* LaunchScreen.storyboard */ = {
			isa = PBXVariantGroup;
			children = (
				6A8F288B216C06730045C427 /* Base */,
			);
			name = LaunchScreen.storyboard;
			sourceTree = "<group>";
		};
/* End PBXVariantGroup section */

/* Begin XCBuildConfiguration section */
		6A8F288E216C06730045C427 /* Debug */ = {
			isa = XCBuildConfiguration;
			buildSettings = {
				ALWAYS_SEARCH_USER_PATHS = NO;
				CLANG_ANALYZER_NONNULL = YES;
				CLANG_ANALYZER_NUMBER_OBJECT_CONVERSION = YES_AGGRESSIVE;
				CLANG_CXX_LANGUAGE_STANDARD = "gnu++14";
				CLANG_CXX_LIBRARY = "libc++";
				CLANG_ENABLE_MODULES = YES;
				CLANG_ENABLE_OBJC_ARC = YES;
				CLANG_ENABLE_OBJC_WEAK = YES;
				CLANG_WARN_BLOCK_CAPTURE_AUTORELEASING = YES;
				CLANG_WARN_BOOL_CONVERSION = YES;
				CLANG_WARN_COMMA = YES;
				CLANG_WARN_CONSTANT_CONVERSION = YES;
				CLANG_WARN_DEPRECATED_OBJC_IMPLEMENTATIONS = YES;
				CLANG_WARN_DIRECT_OBJC_ISA_USAGE = YES_ERROR;
				CLANG_WARN_DOCUMENTATION_COMMENTS = YES;
				CLANG_WARN_EMPTY_BODY = YES;
				CLANG_WARN_ENUM_CONVERSION = YES;
				CLANG_WARN_INFINITE_RECURSION = YES;
				CLANG_WARN_INT_CONVERSION = YES;
				CLANG_WARN_NON_LITERAL_NULL_CONVERSION = YES;
				CLANG_WARN_OBJC_IMPLICIT_RETAIN_SELF = YES;
				CLANG_WARN_OBJC_LITERAL_CONVERSION = YES;
				CLANG_WARN_OBJC_ROOT_CLASS = YES_ERROR;
				CLANG_WARN_RANGE_LOOP_ANALYSIS = YES;
				CLANG_WARN_STRICT_PROTOTYPES = YES;
				CLANG_WARN_SUSPICIOUS_MOVE = YES;
				CLANG_WARN_UNGUARDED_AVAILABILITY = YES_AGGRESSIVE;
				CLANG_WARN_UNREACHABLE_CODE = YES;
				CLANG_WARN__DUPLICATE_METHOD_MATCH = YES;
				CODE_SIGN_IDENTITY = "iPhone Developer";
				COPY_PHASE_STRIP = NO;
				DEBUG_INFORMATION_FORMAT = dwarf;
				ENABLE_STRICT_OBJC_MSGSEND = YES;
				ENABLE_TESTABILITY = YES;
				GCC_C_LANGUAGE_STANDARD = gnu11;
				GCC_DYNAMIC_NO_PIC = NO;
				GCC_NO_COMMON_BLOCKS = YES;
				GCC_OPTIMIZATION_LEVEL = 0;
				GCC_PREPROCESSOR_DEFINITIONS = (
					"DEBUG=1",
					"$(inherited)",
				);
				GCC_WARN_64_TO_32_BIT_CONVERSION = YES;
				GCC_WARN_ABOUT_RETURN_TYPE = YES_ERROR;
				GCC_WARN_UNDECLARED_SELECTOR = YES;
				GCC_WARN_UNINITIALIZED_AUTOS = YES_AGGRESSIVE;
				GCC_WARN_UNUSED_FUNCTION = YES;
				GCC_WARN_UNUSED_VARIABLE = YES;
				IPHONEOS_DEPLOYMENT_TARGET = 12.0;
				MTL_ENABLE_DEBUG_INFO = INCLUDE_SOURCE;
				MTL_FAST_MATH = YES;
				ONLY_ACTIVE_ARCH = YES;
				SDKROOT = iphoneos;
				SWIFT_ACTIVE_COMPILATION_CONDITIONS = DEBUG;
				SWIFT_OPTIMIZATION_LEVEL = "-Onone";
			};
			name = Debug;
		};
		6A8F288F216C06730045C427 /* Release */ = {
			isa = XCBuildConfiguration;
			buildSettings = {
				ALWAYS_SEARCH_USER_PATHS = NO;
				CLANG_ANALYZER_NONNULL = YES;
				CLANG_ANALYZER_NUMBER_OBJECT_CONVERSION = YES_AGGRESSIVE;
				CLANG_CXX_LANGUAGE_STANDARD = "gnu++14";
				CLANG_CXX_LIBRARY = "libc++";
				CLANG_ENABLE_MODULES = YES;
				CLANG_ENABLE_OBJC_ARC = YES;
				CLANG_ENABLE_OBJC_WEAK = YES;
				CLANG_WARN_BLOCK_CAPTURE_AUTORELEASING = YES;
				CLANG_WARN_BOOL_CONVERSION = YES;
				CLANG_WARN_COMMA = YES;
				CLANG_WARN_CONSTANT_CONVERSION = YES;
				CLANG_WARN_DEPRECATED_OBJC_IMPLEMENTATIONS = YES;
				CLANG_WARN_DIRECT_OBJC_ISA_USAGE = YES_ERROR;
				CLANG_WARN_DOCUMENTATION_COMMENTS = YES;
				CLANG_WARN_EMPTY_BODY = YES;
				CLANG_WARN_ENUM_CONVERSION = YES;
				CLANG_WARN_INFINITE_RECURSION = YES;
				CLANG_WARN_INT_CONVERSION = YES;
				CLANG_WARN_NON_LITERAL_NULL_CONVERSION = YES;
				CLANG_WARN_OBJC_IMPLICIT_RETAIN_SELF = YES;
				CLANG_WARN_OBJC_LITERAL_CONVERSION = YES;
				CLANG_WARN_OBJC_ROOT_CLASS = YES_ERROR;
				CLANG_WARN_RANGE_LOOP_ANALYSIS = YES;
				CLANG_WARN_STRICT_PROTOTYPES = YES;
				CLANG_WARN_SUSPICIOUS_MOVE = YES;
				CLANG_WARN_UNGUARDED_AVAILABILITY = YES_AGGRESSIVE;
				CLANG_WARN_UNREACHABLE_CODE = YES;
				CLANG_WARN__DUPLICATE_METHOD_MATCH = YES;
				CODE_SIGN_IDENTITY = "iPhone Developer";
				COPY_PHASE_STRIP = NO;
				DEBUG_INFORMATION_FORMAT = "dwarf-with-dsym";
				ENABLE_NS_ASSERTIONS = NO;
				ENABLE_STRICT_OBJC_MSGSEND = YES;
				GCC_C_LANGUAGE_STANDARD = gnu11;
				GCC_NO_COMMON_BLOCKS = YES;
				GCC_WARN_64_TO_32_BIT_CONVERSION = YES;
				GCC_WARN_ABOUT_RETURN_TYPE = YES_ERROR;
				GCC_WARN_UNDECLARED_SELECTOR = YES;
				GCC_WARN_UNINITIALIZED_AUTOS = YES_AGGRESSIVE;
				GCC_WARN_UNUSED_FUNCTION = YES;
				GCC_WARN_UNUSED_VARIABLE = YES;
				IPHONEOS_DEPLOYMENT_TARGET = 12.0;
				MTL_ENABLE_DEBUG_INFO = NO;
				MTL_FAST_MATH = YES;
				SDKROOT = iphoneos;
				SWIFT_COMPILATION_MODE = wholemodule;
				SWIFT_OPTIMIZATION_LEVEL = "-O";
				VALIDATE_PRODUCT = YES;
			};
			name = Release;
		};
		6A8F2891216C06730045C427 /* Debug */ = {
			isa = XCBuildConfiguration;
			buildSettings = {
				ASSETCATALOG_COMPILER_APPICON_NAME = AppIcon;
				CODE_SIGN_STYLE = Automatic;
				DEVELOPMENT_TEAM = 4XLSSR63Y5;
				INFOPLIST_FILE = myMarcket/Info.plist;
				LD_RUNPATH_SEARCH_PATHS = (
					"$(inherited)",
					"@executable_path/Frameworks",
				);
				PRODUCT_BUNDLE_IDENTIFIER = Georgi.myMarcket;
				PRODUCT_NAME = "$(TARGET_NAME)";
				SWIFT_VERSION = 4.2;
				TARGETED_DEVICE_FAMILY = "1,2";
			};
			name = Debug;
		};
		6A8F2892216C06730045C427 /* Release */ = {
			isa = XCBuildConfiguration;
			buildSettings = {
				ASSETCATALOG_COMPILER_APPICON_NAME = AppIcon;
				CODE_SIGN_STYLE = Automatic;
				DEVELOPMENT_TEAM = 4XLSSR63Y5;
				INFOPLIST_FILE = myMarcket/Info.plist;
				LD_RUNPATH_SEARCH_PATHS = (
					"$(inherited)",
					"@executable_path/Frameworks",
				);
				PRODUCT_BUNDLE_IDENTIFIER = Georgi.myMarcket;
				PRODUCT_NAME = "$(TARGET_NAME)";
				SWIFT_VERSION = 4.2;
				TARGETED_DEVICE_FAMILY = "1,2";
			};
			name = Release;
		};
/* End XCBuildConfiguration section */

/* Begin XCConfigurationList section */
		6A8F2879216C06720045C427 /* Build configuration list for PBXProject "myMarcket" */ = {
			isa = XCConfigurationList;
			buildConfigurations = (
				6A8F288E216C06730045C427 /* Debug */,
				6A8F288F216C06730045C427 /* Release */,
			);
			defaultConfigurationIsVisible = 0;
			defaultConfigurationName = Release;
		};
		6A8F2890216C06730045C427 /* Build configuration list for PBXNativeTarget "myMarcket" */ = {
			isa = XCConfigurationList;
			buildConfigurations = (
				6A8F2891216C06730045C427 /* Debug */,
				6A8F2892216C06730045C427 /* Release */,
			);
			defaultConfigurationIsVisible = 0;
			defaultConfigurationName = Release;
		};
/* End XCConfigurationList section */
	};
	rootObject = 6A8F2876216C06720045C427 /* Project object */;
}
